
Microsoft Visual Studio Solution File, Format Version 12.00
# Visual Studio 15
VisualStudioVersion = 15.0.28307.271
MinimumVisualStudioVersion = 10.0.40219.1
Project("{FAE04EC0-301F-11D3-BF4B-00C04F79EFBC}") = "TP3 ACHAMRAR YASSIR", "TP3 ACHAMRAR YASSIR\TP3 ACHAMRAR YASSIR.csproj", "{667CD22B-8B40-46CB-ABB8-1C4417B87719}"
EndProject
Global
	GlobalSection(SolutionConfigurationPlatforms) = preSolution
		Debug|Any CPU = Debug|Any CPU
		Release|Any CPU = Release|Any CPU
	EndGlobalSection
	GlobalSection(ProjectConfigurationPlatforms) = postSolution
		{667CD22B-8B40-46CB-ABB8-1C4417B87719}.Debug|Any CPU.ActiveCfg = Debug|Any CPU
		{667CD22B-8B40-46CB-ABB8-1C4417B87719}.Debug|Any CPU.Build.0 = Debug|Any CPU
		{667CD22B-8B40-46CB-ABB8-1C4417B87719}.Release|Any CPU.ActiveCfg = Release|Any CPU
		{667CD22B-8B40-46CB-ABB8-1C4417B87719}.Release|Any CPU.Build.0 = Release|Any CPU
	EndGlobalSection
	GlobalSection(SolutionProperties) = preSolution
		HideSolutionNode = FALSE
	EndGlobalSection
	GlobalSection(ExtensibilityGlobals) = postSolution
		SolutionGuid = {C967ACF9-96B2-46FC-8A3B-815929EE16E9}
	EndGlobalSection
EndGlobal
